{
  "lockfile_version": "1",
  "packages": {
    "gh@latest": {
      "last_modified": "2026-01-23T17:20:52Z",
      "resolved": "github:NixOS/nixpkgs/a1bab9e494f5f4939442a57a58d0449a109593fe#gh",
      "source": "devbox-search",
      "version": "2.86.0",
      "systems": {
        "aarch64-darwin": {
          "outputs": [
            {
              "name": "out",
              "path": "/nix/store/y207r5sjcd81gfnsxxssgiiiwl6mcg6f-gh-2.86.0",
              "default": true
            }
          ],
          "store_path": "/nix/store/y207r5sjcd81gfnsxxssgiiiwl6mcg6f-gh-2.86.0"
        },
        "aarch64-linux": {
          "outputs": [
            {
              "name": "out",
              "path": "/nix/store/zx4plaf0z1yv06wdhxxhpbm7kmslm2r8-gh-2.86.0",
              "default": true
            }
          ],
          "store_path": "/nix/store/zx4plaf0z1yv06wdhxxhpbm7kmslm2r8-gh-2.86.0"
        },
        "x86_64-darwin": {
          "outputs": [
            {
              "name": "out",
              "path": "/nix/store/vhpac8ld4xkaa13bsrbwnyrmlcxsg57q-gh-2.86.0",
              "default": true
            }
          ],
          "store_path": "/nix/store/vhpac8ld4xkaa13bsrbwnyrmlcxsg57q-gh-2.86.0"
        },
        "x86_64-linux": {
          "outputs": [
            {
              "name": "out",
              "path": "/nix/store/xf3rb2kmk19092b1pf50ag0fsj2f6hpa-gh-2.86.0",
              "default": true
            }
          ],
          "store_path": "/nix/store/xf3rb2kmk19092b1pf50ag0fsj2f6hpa-gh-2.86.0"
        }
      }
    },
    "github:NixOS/nixpkgs/nixpkgs-unstable": {
      "last_modified": "2026-01-30T02:32:49Z",
      "resolved": "github:NixOS/nixpkgs/6308c3b21396534d8aaeac46179c14c439a89b8a?lastModified=1769740369&narHash=sha256-xKPyJoMoXfXpDM5DFDZDsi9PHArf2k5BJjvReYXoFpM%3D"
    },
    "github:anomalyco/opencode/v1.1.51": {
      "last_modified": "2026-02-04T07:06:48Z",
      "resolved": "github:anomalyco/opencode/154cbf6996cdc93b574e93bcbe063f6d11170c0c?lastModified=1770188808&narHash=sha256-i9KR5n6bT0p7xLErlgaq2TAj%2FB7ZbLd9a%2B4Czg8q%2FcI%3D"
    },
    "uv@latest": {
      "last_modified": "2026-01-23T17:20:52Z",
      "resolved": "github:NixOS/nixpkgs/a1bab9e494f5f4939442a57a58d0449a109593fe#uv",
      "source": "devbox-search",
      "version": "0.9.26",
      "systems": {
        "aarch64-darwin": {
          "outputs": [
            {
              "name": "out",
              "path": "/nix/store/qd7fbw1h6xa5zj91cnzvd5nz366435qw-uv-0.9.26",
              "default": true
            }
          ],
          "store_path": "/nix/store/qd7fbw1h6xa5zj91cnzvd5nz366435qw-uv-0.9.26"
        },
        "aarch64-linux": {
          "outputs": [
            {
              "name": "out",
              "path": "/nix/store/zdxw032an2c9y93ypdap8vj27bvf1cfi-uv-0.9.26",
              "default": true
            }
          ],
          "store_path": "/nix/store/zdxw032an2c9y93ypdap8vj27bvf1cfi-uv-0.9.26"
        },
        "x86_64-darwin": {
          "outputs": [
            {
              "name": "out",
              "path": "/nix/store/23rqzlfw13aqrpb14wnvkvw3fhshmwp4-uv-0.9.26",
              "default": true
            }
          ],
          "store_path": "/nix/store/23rqzlfw13aqrpb14wnvkvw3fhshmwp4-uv-0.9.26"
        },
        "x86_64-linux": {
          "outputs": [
            {
              "name": "out",
              "path": "/nix/store/v90dllnlqmz8gv77wsdn5aak1ic8qm33-uv-0.9.26",
              "default": true
            }
          ],
          "store_path": "/nix/store/v90dllnlqmz8gv77wsdn5aak1ic8qm33-uv-0.9.26"
        }
      }
    },
    "volta@latest": {
      "last_modified": "2026-01-23T17:20:52Z",
      "resolved": "github:NixOS/nixpkgs/a1bab9e494f5f4939442a57a58d0449a109593fe#volta",
      "source": "devbox-search",
      "version": "2.0.2",
      "systems": {
        "aarch64-darwin": {
          "outputs": [
            {
              "name": "out",
              "path": "/nix/store/zhy5a1ws4k6h8wz76yc0v36iz0vvfdd9-volta-2.0.2",
              "default": true
            }
          ],
          "store_path": "/nix/store/zhy5a1ws4k6h8wz76yc0v36iz0vvfdd9-volta-2.0.2"
        },
        "aarch64-linux": {
          "outputs": [
            {
              "name": "out",
              "path": "/nix/store/0n9r3i9jgl2kp97d96mxkkl0lgssd2l3-volta-2.0.2",
              "default": true
            }
          ],
          "store_path": "/nix/store/0n9r3i9jgl2kp97d96mxkkl0lgssd2l3-volta-2.0.2"
        },
        "x86_64-darwin": {
          "outputs": [
            {
              "name": "out",
              "path": "/nix/store/l8vzj5ckzxccqpz7fdkm939y8s63csli-volta-2.0.2",
              "default": true
            }
          ],
          "store_path": "/nix/store/l8vzj5ckzxccqpz7fdkm939y8s63csli-volta-2.0.2"
        },
        "x86_64-linux": {
          "outputs": [
            {
              "name": "out",
              "path": "/nix/store/yd10rcb4fih26b7g2gm5cx53my4i1jmw-volta-2.0.2",
              "default": true
            }
          ],
          "store_path": "/nix/store/yd10rcb4fih26b7g2gm5cx53my4i1jmw-volta-2.0.2"
        }
      }
    }
  }
}
