{
  "lockfile_version": "1",
  "packages": {
    "biome@latest": {
      "last_modified": "2026-05-12T01:56:55Z",
      "resolved": "github:NixOS/nixpkgs/0a0bf409f3593f415d0a554f33acc63dc7dccb43#biome",
      "source": "devbox-search",
      "version": "2.4.14",
      "systems": {
        "aarch64-darwin": {
          "outputs": [
            {
              "name": "out",
              "path": "/nix/store/wmpkk6l3c6wm97kyrvd3wmnfcwvqcznl-biome-2.4.14",
              "default": true
            }
          ],
          "store_path": "/nix/store/wmpkk6l3c6wm97kyrvd3wmnfcwvqcznl-biome-2.4.14"
        },
        "aarch64-linux": {
          "outputs": [
            {
              "name": "out",
              "path": "/nix/store/qxs97c4wwmy2gfsw7pxizz0rih1sm697-biome-2.4.14",
              "default": true
            }
          ],
          "store_path": "/nix/store/qxs97c4wwmy2gfsw7pxizz0rih1sm697-biome-2.4.14"
        },
        "x86_64-darwin": {
          "outputs": [
            {
              "name": "out",
              "path": "/nix/store/xh4f84w6azq9bzi5nnxnjl0jy99ymd6l-biome-2.4.14",
              "default": true
            }
          ],
          "store_path": "/nix/store/xh4f84w6azq9bzi5nnxnjl0jy99ymd6l-biome-2.4.14"
        },
        "x86_64-linux": {
          "outputs": [
            {
              "name": "out",
              "path": "/nix/store/v1sxvzjsqsdw96nic6h8q7ig010cmjlf-biome-2.4.14",
              "default": true
            }
          ],
          "store_path": "/nix/store/v1sxvzjsqsdw96nic6h8q7ig010cmjlf-biome-2.4.14"
        }
      }
    },
    "gh@latest": {
      "last_modified": "2026-01-23T17:20:52Z",
      "resolved": "github:NixOS/nixpkgs/a1bab9e494f5f4939442a57a58d0449a109593fe#gh",
      "source": "devbox-search",
      "version": "2.86.0",
      "systems": {
        "aarch64-darwin": {
          "outputs": [
            {
              "name": "out",
              "path": "/nix/store/y207r5sjcd81gfnsxxssgiiiwl6mcg6f-gh-2.86.0",
              "default": true
            }
          ],
          "store_path": "/nix/store/y207r5sjcd81gfnsxxssgiiiwl6mcg6f-gh-2.86.0"
        },
        "aarch64-linux": {
          "outputs": [
            {
              "name": "out",
              "path": "/nix/store/zx4plaf0z1yv06wdhxxhpbm7kmslm2r8-gh-2.86.0",
              "default": true
            }
          ],
          "store_path": "/nix/store/zx4plaf0z1yv06wdhxxhpbm7kmslm2r8-gh-2.86.0"
        },
        "x86_64-darwin": {
          "outputs": [
            {
              "name": "out",
              "path": "/nix/store/vhpac8ld4xkaa13bsrbwnyrmlcxsg57q-gh-2.86.0",
              "default": true
            }
          ],
          "store_path": "/nix/store/vhpac8ld4xkaa13bsrbwnyrmlcxsg57q-gh-2.86.0"
        },
        "x86_64-linux": {
          "outputs": [
            {
              "name": "out",
              "path": "/nix/store/xf3rb2kmk19092b1pf50ag0fsj2f6hpa-gh-2.86.0",
              "default": true
            }
          ],
          "store_path": "/nix/store/xf3rb2kmk19092b1pf50ag0fsj2f6hpa-gh-2.86.0"
        }
      }
    },
    "github:NixOS/nixpkgs/nixpkgs-unstable": {
      "last_modified": "2026-01-30T02:32:49Z",
      "resolved": "github:NixOS/nixpkgs/6308c3b21396534d8aaeac46179c14c439a89b8a?lastModified=1769740369&narHash=sha256-xKPyJoMoXfXpDM5DFDZDsi9PHArf2k5BJjvReYXoFpM%3D"
    },
    "github:anomalyco/opencode/v1.1.51": {
      "last_modified": "2026-02-04T07:06:48Z",
      "resolved": "github:anomalyco/opencode/154cbf6996cdc93b574e93bcbe063f6d11170c0c?lastModified=1770188808&narHash=sha256-i9KR5n6bT0p7xLErlgaq2TAj%2FB7ZbLd9a%2B4Czg8q%2FcI%3D"
    },
    "nodejs@24.12.0": {
      "last_modified": "2025-12-29T16:45:58Z",
      "plugin_version": "0.0.2",
      "resolved": "github:NixOS/nixpkgs/346dd96ad74dc4457a9db9de4f4f57dab2e5731d#nodejs_24",
      "source": "devbox-search",
      "version": "24.12.0",
      "systems": {
        "aarch64-darwin": {
          "outputs": [
            {
              "name": "out",
              "path": "/nix/store/b1h0af3yb3z9jz048phclcqw6ihiww67-nodejs-24.12.0",
              "default": true
            },
            {
              "name": "dev",
              "path": "/nix/store/ksn4nj0nbp0ikmh4scy9x4biqqdswwhy-nodejs-24.12.0-dev"
            },
            {
              "name": "libv8",
              "path": "/nix/store/3x72bm7l30ib7l7cximrp0sklcq8jqwy-nodejs-24.12.0-libv8"
            }
          ],
          "store_path": "/nix/store/b1h0af3yb3z9jz048phclcqw6ihiww67-nodejs-24.12.0"
        },
        "aarch64-linux": {
          "outputs": [
            {
              "name": "out",
              "path": "/nix/store/9jfsyhcr9c6rpm94lrkibv75jkggvwss-nodejs-24.12.0",
              "default": true
            },
            {
              "name": "dev",
              "path": "/nix/store/7izhv9x1yvsmyrhmmyps6bxjjclajm80-nodejs-24.12.0-dev"
            },
            {
              "name": "libv8",
              "path": "/nix/store/8hl74pnc1qyz68rg10ixw7fz32hcxqkk-nodejs-24.12.0-libv8"
            }
          ],
          "store_path": "/nix/store/9jfsyhcr9c6rpm94lrkibv75jkggvwss-nodejs-24.12.0"
        },
        "x86_64-darwin": {
          "outputs": [
            {
              "name": "out",
              "path": "/nix/store/cj1243xswxvnwgifyiyg8axhn0r2vl48-nodejs-24.12.0",
              "default": true
            },
            {
              "name": "dev",
              "path": "/nix/store/kzia3rkaf9vwpn3py23q9v49jpjm6zx7-nodejs-24.12.0-dev"
            },
            {
              "name": "libv8",
              "path": "/nix/store/xszji81xj7ghjhz7jk0jkhb84nfwyd8f-nodejs-24.12.0-libv8"
            }
          ],
          "store_path": "/nix/store/cj1243xswxvnwgifyiyg8axhn0r2vl48-nodejs-24.12.0"
        },
        "x86_64-linux": {
          "outputs": [
            {
              "name": "out",
              "path": "/nix/store/9z1v3wyrxp6fpyzw21lcakd5w7aknzyc-nodejs-24.12.0",
              "default": true
            },
            {
              "name": "libv8",
              "path": "/nix/store/5yvx909wlis13qd2y1ahwl7ij21ma69a-nodejs-24.12.0-libv8"
            },
            {
              "name": "dev",
              "path": "/nix/store/7ll99p08gmpg0n048669p80zjibl5akr-nodejs-24.12.0-dev"
            }
          ],
          "store_path": "/nix/store/9z1v3wyrxp6fpyzw21lcakd5w7aknzyc-nodejs-24.12.0"
        }
      }
    },
    "pnpm@11.1.1": {
      "last_modified": "2026-05-13T11:46:26Z",
      "resolved": "github:NixOS/nixpkgs/eef00dfd8a712b34af845f9350bac681b1228bd1#pnpm",
      "source": "devbox-search",
      "version": "11.1.1",
      "systems": {
        "aarch64-darwin": {
          "outputs": [
            {
              "name": "out",
              "path": "/nix/store/nyphcvd3w2mx075sr5mhm260j6m071nq-pnpm-11.1.1",
              "default": true
            }
          ],
          "store_path": "/nix/store/nyphcvd3w2mx075sr5mhm260j6m071nq-pnpm-11.1.1"
        },
        "aarch64-linux": {
          "outputs": [
            {
              "name": "out",
              "path": "/nix/store/imlfjaj2s9mlk82p8zcvwymclaqbx6y7-pnpm-11.1.1",
              "default": true
            }
          ],
          "store_path": "/nix/store/imlfjaj2s9mlk82p8zcvwymclaqbx6y7-pnpm-11.1.1"
        },
        "x86_64-darwin": {
          "outputs": [
            {
              "name": "out",
              "path": "/nix/store/d03rjbml8y5269fspkx4ivz1845gax4c-pnpm-11.1.1",
              "default": true
            }
          ],
          "store_path": "/nix/store/d03rjbml8y5269fspkx4ivz1845gax4c-pnpm-11.1.1"
        },
        "x86_64-linux": {
          "outputs": [
            {
              "name": "out",
              "path": "/nix/store/434qyla829k26ryml5d5xn4899b9w8k5-pnpm-11.1.1",
              "default": true
            }
          ],
          "store_path": "/nix/store/434qyla829k26ryml5d5xn4899b9w8k5-pnpm-11.1.1"
        }
      }
    },
    "uv@latest": {
      "last_modified": "2026-01-23T17:20:52Z",
      "resolved": "github:NixOS/nixpkgs/a1bab9e494f5f4939442a57a58d0449a109593fe#uv",
      "source": "devbox-search",
      "version": "0.9.26",
      "systems": {
        "aarch64-darwin": {
          "outputs": [
            {
              "name": "out",
              "path": "/nix/store/qd7fbw1h6xa5zj91cnzvd5nz366435qw-uv-0.9.26",
              "default": true
            }
          ],
          "store_path": "/nix/store/qd7fbw1h6xa5zj91cnzvd5nz366435qw-uv-0.9.26"
        },
        "aarch64-linux": {
          "outputs": [
            {
              "name": "out",
              "path": "/nix/store/zdxw032an2c9y93ypdap8vj27bvf1cfi-uv-0.9.26",
              "default": true
            }
          ],
          "store_path": "/nix/store/zdxw032an2c9y93ypdap8vj27bvf1cfi-uv-0.9.26"
        },
        "x86_64-darwin": {
          "outputs": [
            {
              "name": "out",
              "path": "/nix/store/23rqzlfw13aqrpb14wnvkvw3fhshmwp4-uv-0.9.26",
              "default": true
            }
          ],
          "store_path": "/nix/store/23rqzlfw13aqrpb14wnvkvw3fhshmwp4-uv-0.9.26"
        },
        "x86_64-linux": {
          "outputs": [
            {
              "name": "out",
              "path": "/nix/store/v90dllnlqmz8gv77wsdn5aak1ic8qm33-uv-0.9.26",
              "default": true
            }
          ],
          "store_path": "/nix/store/v90dllnlqmz8gv77wsdn5aak1ic8qm33-uv-0.9.26"
        }
      }
    }
  }
}
